
Microsoft Visual Studio Solution File, Format Version 12.00
# Visual Studio 15
VisualStudioVersion = 15.0.28010.2003
MinimumVisualStudioVersion = 10.0.40219.1
Project("{FAE04EC0-301F-11D3-BF4B-00C04F79EFBC}") = "WebApplicationMVC", "WebApplicationMVC\WebApplicationMVC.csproj", "{FCA70193-D908-468F-BCC0-406BA6828CDD}"
EndProject
Global
	GlobalSection(SolutionConfigurationPlatforms) = preSolution
		Debug|Any CPU = Debug|Any CPU
		Release|Any CPU = Release|Any CPU
	EndGlobalSection
	GlobalSection(ProjectConfigurationPlatforms) = postSolution
		{FCA70193-D908-468F-BCC0-406BA6828CDD}.Debug|Any CPU.ActiveCfg = Debug|Any CPU
		{FCA70193-D908-468F-BCC0-406BA6828CDD}.Debug|Any CPU.Build.0 = Debug|Any CPU
		{FCA70193-D908-468F-BCC0-406BA6828CDD}.Release|Any CPU.ActiveCfg = Release|Any CPU
		{FCA70193-D908-468F-BCC0-406BA6828CDD}.Release|Any CPU.Build.0 = Release|Any CPU
	EndGlobalSection
	GlobalSection(SolutionProperties) = preSolution
		HideSolutionNode = FALSE
	EndGlobalSection
	GlobalSection(ExtensibilityGlobals) = postSolution
		SolutionGuid = {6DBA1B25-628D-40A0-9564-B4A1EDB20726}
	EndGlobalSection
EndGlobal
